
Microsoft Visual Studio Solution File, Format Version 12.00
# Visual Studio 15
VisualStudioVersion = 15.0.26730.3
MinimumVisualStudioVersion = 10.0.40219.1
Project("{D954291E-2A0B-460D-934E-DC6B0785DB48}") = "XyTodo", "XyTodo\XyTodo\XyTodo.shproj", "{CC0617AB-AF8F-4DD9-9790-3A017083C88F}"
EndProject
Project("{FAE04EC0-301F-11D3-BF4B-00C04F79EFBC}") = "XyTodo.Android", "XyTodo\XyTodo.Android\XyTodo.Android.csproj", "{4652584F-7C3A-4E03-8BE0-586A3BB0479B}"
EndProject
Project("{FAE04EC0-301F-11D3-BF4B-00C04F79EFBC}") = "XyTodo.iOS", "XyTodo\XyTodo.iOS\XyTodo.iOS.csproj", "{75B29DB6-6E11-4C55-82D8-6572B6E2EEC7}"
EndProject
Project("{FAE04EC0-301F-11D3-BF4B-00C04F79EFBC}") = "XyTodo.UWP", "XyTodo\XyTodo.UWP\XyTodo.UWP.csproj", "{17850BE1-5F46-470B-9D90-FBB0F8B43D50}"
EndProject
Global
	GlobalSection(SharedMSBuildProjectFiles) = preSolution
		XyTodo\XyTodo\XyTodo.projitems*{17850be1-5f46-470b-9d90-fbb0f8b43d50}*SharedItemsImports = 4
		XyTodo\XyTodo\XyTodo.projitems*{4652584f-7c3a-4e03-8be0-586a3bb0479b}*SharedItemsImports = 4
		XyTodo\XyTodo\XyTodo.projitems*{75b29db6-6e11-4c55-82d8-6572b6e2eec7}*SharedItemsImports = 4
		XyTodo\XyTodo\XyTodo.projitems*{cc0617ab-af8f-4dd9-9790-3a017083c88f}*SharedItemsImports = 13
	EndGlobalSection
	GlobalSection(SolutionConfigurationPlatforms) = preSolution
		Debug|Any CPU = Debug|Any CPU
		Debug|ARM = Debug|ARM
		Debug|iPhone = Debug|iPhone
		Debug|iPhoneSimulator = Debug|iPhoneSimulator
		Debug|x64 = Debug|x64
		Debug|x86 = Debug|x86
		Release|Any CPU = Release|Any CPU
		Release|ARM = Release|ARM
		Release|iPhone = Release|iPhone
		Release|iPhoneSimulator = Release|iPhoneSimulator
		Release|x64 = Release|x64
		Release|x86 = Release|x86
	EndGlobalSection
	GlobalSection(ProjectConfigurationPlatforms) = postSolution
		{4652584F-7C3A-4E03-8BE0-586A3BB0479B}.Debug|Any CPU.ActiveCfg = Debug|Any CPU
		{4652584F-7C3A-4E03-8BE0-586A3BB0479B}.Debug|Any CPU.Build.0 = Debug|Any CPU
		{4652584F-7C3A-4E03-8BE0-586A3BB0479B}.Debug|Any CPU.Deploy.0 = Debug|Any CPU
		{4652584F-7C3A-4E03-8BE0-586A3BB0479B}.Debug|ARM.ActiveCfg = Debug|Any CPU
		{4652584F-7C3A-4E03-8BE0-586A3BB0479B}.Debug|ARM.Build.0 = Debug|Any CPU
		{4652584F-7C3A-4E03-8BE0-586A3BB0479B}.Debug|ARM.Deploy.0 = Debug|Any CPU
		{4652584F-7C3A-4E03-8BE0-586A3BB0479B}.Debug|iPhone.ActiveCfg = Debug|Any CPU
		{4652584F-7C3A-4E03-8BE0-586A3BB0479B}.Debug|iPhone.Build.0 = Debug|Any CPU
		{4652584F-7C3A-4E03-8BE0-586A3BB0479B}.Debug|iPhone.Deploy.0 = Debug|Any CPU
		{4652584F-7C3A-4E03-8BE0-586A3BB0479B}.Debug|iPhoneSimulator.ActiveCfg = Debug|Any CPU
		{4652584F-7C3A-4E03-8BE0-586A3BB0479B}.Debug|iPhoneSimulator.Build.0 = Debug|Any CPU
		{4652584F-7C3A-4E03-8BE0-586A3BB0479B}.Debug|iPhoneSimulator.Deploy.0 = Debug|Any CPU
		{4652584F-7C3A-4E03-8BE0-586A3BB0479B}.Debug|x64.ActiveCfg = Debug|Any CPU
		{4652584F-7C3A-4E03-8BE0-586A3BB0479B}.Debug|x64.Build.0 = Debug|Any CPU
		{4652584F-7C3A-4E03-8BE0-586A3BB0479B}.Debug|x64.Deploy.0 = Debug|Any CPU
		{4652584F-7C3A-4E03-8BE0-586A3BB0479B}.Debug|x86.ActiveCfg = Debug|Any CPU
		{4652584F-7C3A-4E03-8BE0-586A3BB0479B}.Debug|x86.Build.0 = Debug|Any CPU
		{4652584F-7C3A-4E03-8BE0-586A3BB0479B}.Debug|x86.Deploy.0 = Debug|Any CPU
		{4652584F-7C3A-4E03-8BE0-586A3BB0479B}.Release|Any CPU.ActiveCfg = Release|Any CPU
		{4652584F-7C3A-4E03-8BE0-586A3BB0479B}.Release|Any CPU.Build.0 = Release|Any CPU
		{4652584F-7C3A-4E03-8BE0-586A3BB0479B}.Release|Any CPU.Deploy.0 = Release|Any CPU
		{4652584F-7C3A-4E03-8BE0-586A3BB0479B}.Release|ARM.ActiveCfg = Release|Any CPU
		{4652584F-7C3A-4E03-8BE0-586A3BB0479B}.Release|ARM.Build.0 = Release|Any CPU
		{4652584F-7C3A-4E03-8BE0-586A3BB0479B}.Release|ARM.Deploy.0 = Release|Any CPU
		{4652584F-7C3A-4E03-8BE0-586A3BB0479B}.Release|iPhone.ActiveCfg = Release|Any CPU
		{4652584F-7C3A-4E03-8BE0-586A3BB0479B}.Release|iPhone.Build.0 = Release|Any CPU
		{4652584F-7C3A-4E03-8BE0-586A3BB0479B}.Release|iPhone.Deploy.0 = Release|Any CPU
		{4652584F-7C3A-4E03-8BE0-586A3BB0479B}.Release|iPhoneSimulator.ActiveCfg = Release|Any CPU
		{4652584F-7C3A-4E03-8BE0-586A3BB0479B}.Release|iPhoneSimulator.Build.0 = Release|Any CPU
		{4652584F-7C3A-4E03-8BE0-586A3BB0479B}.Release|iPhoneSimulator.Deploy.0 = Release|Any CPU
		{4652584F-7C3A-4E03-8BE0-586A3BB0479B}.Release|x64.ActiveCfg = Release|Any CPU
		{4652584F-7C3A-4E03-8BE0-586A3BB0479B}.Release|x64.Build.0 = Release|Any CPU
		{4652584F-7C3A-4E03-8BE0-586A3BB0479B}.Release|x64.Deploy.0 = Release|Any CPU
		{4652584F-7C3A-4E03-8BE0-586A3BB0479B}.Release|x86.ActiveCfg = Release|Any CPU
		{4652584F-7C3A-4E03-8BE0-586A3BB0479B}.Release|x86.Build.0 = Release|Any CPU
		{4652584F-7C3A-4E03-8BE0-586A3BB0479B}.Release|x86.Deploy.0 = Release|Any CPU
		{75B29DB6-6E11-4C55-82D8-6572B6E2EEC7}.Debug|Any CPU.ActiveCfg = Debug|iPhone
		{75B29DB6-6E11-4C55-82D8-6572B6E2EEC7}.Debug|ARM.ActiveCfg = Debug|iPhone
		{75B29DB6-6E11-4C55-82D8-6572B6E2EEC7}.Debug|iPhone.ActiveCfg = Debug|iPhone
		{75B29DB6-6E11-4C55-82D8-6572B6E2EEC7}.Debug|iPhone.Build.0 = Debug|iPhone
		{75B29DB6-6E11-4C55-82D8-6572B6E2EEC7}.Debug|iPhoneSimulator.ActiveCfg = Debug|iPhoneSimulator
		{75B29DB6-6E11-4C55-82D8-6572B6E2EEC7}.Debug|iPhoneSimulator.Build.0 = Debug|iPhoneSimulator
		{75B29DB6-6E11-4C55-82D8-6572B6E2EEC7}.Debug|x64.ActiveCfg = Debug|iPhone
		{75B29DB6-6E11-4C55-82D8-6572B6E2EEC7}.Debug|x86.ActiveCfg = Debug|iPhone
		{75B29DB6-6E11-4C55-82D8-6572B6E2EEC7}.Release|Any CPU.ActiveCfg = Release|iPhone
		{75B29DB6-6E11-4C55-82D8-6572B6E2EEC7}.Release|ARM.ActiveCfg = Release|iPhone
		{75B29DB6-6E11-4C55-82D8-6572B6E2EEC7}.Release|iPhone.ActiveCfg = Release|iPhone
		{75B29DB6-6E11-4C55-82D8-6572B6E2EEC7}.Release|iPhone.Build.0 = Release|iPhone
		{75B29DB6-6E11-4C55-82D8-6572B6E2EEC7}.Release|iPhoneSimulator.ActiveCfg = Release|iPhoneSimulator
		{75B29DB6-6E11-4C55-82D8-6572B6E2EEC7}.Release|iPhoneSimulator.Build.0 = Release|iPhoneSimulator
		{75B29DB6-6E11-4C55-82D8-6572B6E2EEC7}.Release|x64.ActiveCfg = Release|iPhone
		{75B29DB6-6E11-4C55-82D8-6572B6E2EEC7}.Release|x86.ActiveCfg = Release|iPhone
		{17850BE1-5F46-470B-9D90-FBB0F8B43D50}.Debug|Any CPU.ActiveCfg = Debug|x86
		{17850BE1-5F46-470B-9D90-FBB0F8B43D50}.Debug|ARM.ActiveCfg = Debug|ARM
		{17850BE1-5F46-470B-9D90-FBB0F8B43D50}.Debug|ARM.Build.0 = Debug|ARM
		{17850BE1-5F46-470B-9D90-FBB0F8B43D50}.Debug|ARM.Deploy.0 = Debug|ARM
		{17850BE1-5F46-470B-9D90-FBB0F8B43D50}.Debug|iPhone.ActiveCfg = Debug|x86
		{17850BE1-5F46-470B-9D90-FBB0F8B43D50}.Debug|iPhoneSimulator.ActiveCfg = Debug|x86
		{17850BE1-5F46-470B-9D90-FBB0F8B43D50}.Debug|x64.ActiveCfg = Debug|x64
		{17850BE1-5F46-470B-9D90-FBB0F8B43D50}.Debug|x64.Build.0 = Debug|x64
		{17850BE1-5F46-470B-9D90-FBB0F8B43D50}.Debug|x64.Deploy.0 = Debug|x64
		{17850BE1-5F46-470B-9D90-FBB0F8B43D50}.Debug|x86.ActiveCfg = Debug|x86
		{17850BE1-5F46-470B-9D90-FBB0F8B43D50}.Debug|x86.Build.0 = Debug|x86
		{17850BE1-5F46-470B-9D90-FBB0F8B43D50}.Debug|x86.Deploy.0 = Debug|x86
		{17850BE1-5F46-470B-9D90-FBB0F8B43D50}.Release|Any CPU.ActiveCfg = Release|x86
		{17850BE1-5F46-470B-9D90-FBB0F8B43D50}.Release|ARM.ActiveCfg = Release|ARM
		{17850BE1-5F46-470B-9D90-FBB0F8B43D50}.Release|ARM.Build.0 = Release|ARM
		{17850BE1-5F46-470B-9D90-FBB0F8B43D50}.Release|ARM.Deploy.0 = Release|ARM
		{17850BE1-5F46-470B-9D90-FBB0F8B43D50}.Release|iPhone.ActiveCfg = Release|x86
		{17850BE1-5F46-470B-9D90-FBB0F8B43D50}.Release|iPhoneSimulator.ActiveCfg = Release|x86
		{17850BE1-5F46-470B-9D90-FBB0F8B43D50}.Release|x64.ActiveCfg = Release|x64
		{17850BE1-5F46-470B-9D90-FBB0F8B43D50}.Release|x64.Build.0 = Release|x64
		{17850BE1-5F46-470B-9D90-FBB0F8B43D50}.Release|x64.Deploy.0 = Release|x64
		{17850BE1-5F46-470B-9D90-FBB0F8B43D50}.Release|x86.ActiveCfg = Release|x86
		{17850BE1-5F46-470B-9D90-FBB0F8B43D50}.Release|x86.Build.0 = Release|x86
		{17850BE1-5F46-470B-9D90-FBB0F8B43D50}.Release|x86.Deploy.0 = Release|x86
	EndGlobalSection
	GlobalSection(SolutionProperties) = preSolution
		HideSolutionNode = FALSE
	EndGlobalSection
	GlobalSection(ExtensibilityGlobals) = postSolution
		SolutionGuid = {47FDA76D-3504-4C07-8BCD-07AA96CFD481}
	EndGlobalSection
EndGlobal
